
Microsoft Visual Studio Solution File, Format Version 12.00
# Visual Studio Version 16
VisualStudioVersion = 16.0.30907.101
MinimumVisualStudioVersion = 10.0.40219.1
Project("{FAE04EC0-301F-11D3-BF4B-00C04F79EFBC}") = "AddressAPI", "AddressAPI\AddressAPI.csproj", "{BBA7349B-FA60-475E-A3E7-422E6B52930E}"
EndProject
Global
	GlobalSection(SolutionConfigurationPlatforms) = preSolution
		Debug|Any CPU = Debug|Any CPU
		Release|Any CPU = Release|Any CPU
	EndGlobalSection
	GlobalSection(ProjectConfigurationPlatforms) = postSolution
		{BBA7349B-FA60-475E-A3E7-422E6B52930E}.Debug|Any CPU.ActiveCfg = Debug|Any CPU
		{BBA7349B-FA60-475E-A3E7-422E6B52930E}.Debug|Any CPU.Build.0 = Debug|Any CPU
		{BBA7349B-FA60-475E-A3E7-422E6B52930E}.Release|Any CPU.ActiveCfg = Release|Any CPU
		{BBA7349B-FA60-475E-A3E7-422E6B52930E}.Release|Any CPU.Build.0 = Release|Any CPU
	EndGlobalSection
	GlobalSection(SolutionProperties) = preSolution
		HideSolutionNode = FALSE
	EndGlobalSection
	GlobalSection(ExtensibilityGlobals) = postSolution
		SolutionGuid = {5B4ABB6B-889C-4076-A30F-50C23B9B569A}
	EndGlobalSection
EndGlobal
